github.com/openabstractions/abstraction-asks/go v0.1.1 h1:6B77keX/dzJzvL1p+5WNlF9UEoXN3RtI5hiFo7YOUYs=
github.com/openabstractions/abstraction-asks/go v0.1.1/go.mod h1:zX33ZJBxArptItb6lCrD9JJY9vRyxmfgA5db4mxxeUI=
github.com/openabstractions/abstraction-cas/go v0.1.0 h1:smjhUOI1+q5lGRgSVBDJL+aJIEknADcZyhfBUKZR/K4=
github.com/openabstractions/abstraction-cas/go v0.1.0/go.mod h1:uCqBVttRdaxJX8BgB2SiuvWds/at5N5A20QBE3IK8S4=
github.com/openabstractions/abstraction-identity v0.0.0-20260909083117-5c38dbcd8189 h1:hpyvJkfLeYwryUPpvto0N1LhSxQVk2tNRNBk3UZmcF4=
github.com/openabstractions/abstraction-identity v0.0.0-20260909083117-5c38dbcd8189/go.mod h1:gv5sDQuTQqv/UY+fXY5Q74i1junNIEvf/5UsZxMxwKY=
github.com/openabstractions/abstraction-job/go v0.2.0 h1:3lc2wC3+RJ5m3sB3YxvGJdk1ppHY6ev6MuWSxyXQf28=
github.com/openabstractions/abstraction-job/go v0.2.0/go.mod h1:16GKaITbcqzngGGxkR93u6S/B+dDNFOwcyxbH789QeU=
github.com/openabstractions/abstraction-logging/go v0.1.1-0.20260907232024-6a82a934f411 h1:TgABZFkOI2SHP0ZI3KH1quazTD5CojpL5Oghn/L7sZw=
github.com/openabstractions/abstraction-logging/go v0.1.1-0.20260907232024-6a82a934f411/go.mod h1:IvvXDBb/Q0t3JMJIRI7srMG2uqSx7QT8IhIPtktvBrM=
github.com/openabstractions/abstraction-watch/go v0.1.0 h1:DJng9eVC2vm2w65zIc5nL51k1kOqlHM2vf+EVv3AQaA=
github.com/openabstractions/abstraction-watch/go v0.1.0/go.mod h1:RF56LZfdbxZj/UU7fKbOAOGIHPeLJlIQxPrX+EN0Rj4=
golang.org/x/sys v0.47.0 h1:o7XGOvZQCADBQQ4Y7VNq2dRWQR7JmOUW8Kxx4ZsNgWs=
golang.org/x/sys v0.47.0/go.mod h1:4GL1E5IUh+htKOUEOaiffhrAeqysfVGipDYzABqnCmw=
